
Microsoft Visual Studio Solution File, Format Version 12.00
# Visual Studio 15
VisualStudioVersion = 15.0.27004.2008
MinimumVisualStudioVersion = 10.0.40219.1
Project("{FAE04EC0-301F-11D3-BF4B-00C04F79EFBC}") = "MVCWebProject2", "MVCWebProject2\MVCWebProject2.csproj", "{FC03C25C-98CE-4DE8-A072-62931168D7D9}"
EndProject
Global
	GlobalSection(SolutionConfigurationPlatforms) = preSolution
		Debug|Any CPU = Debug|Any CPU
		Release|Any CPU = Release|Any CPU
	EndGlobalSection
	GlobalSection(ProjectConfigurationPlatforms) = postSolution
		{FC03C25C-98CE-4DE8-A072-62931168D7D9}.Debug|Any CPU.ActiveCfg = Debug|Any CPU
		{FC03C25C-98CE-4DE8-A072-62931168D7D9}.Debug|Any CPU.Build.0 = Debug|Any CPU
		{FC03C25C-98CE-4DE8-A072-62931168D7D9}.Release|Any CPU.ActiveCfg = Release|Any CPU
		{FC03C25C-98CE-4DE8-A072-62931168D7D9}.Release|Any CPU.Build.0 = Release|Any CPU
	EndGlobalSection
	GlobalSection(SolutionProperties) = preSolution
		HideSolutionNode = FALSE
	EndGlobalSection
	GlobalSection(ExtensibilityGlobals) = postSolution
		SolutionGuid = {4DC1AE85-D205-4723-AEFB-3365B4634715}
	EndGlobalSection
EndGlobal
